
Microsoft Visual Studio Solution File, Format Version 12.00
# Visual Studio 15
VisualStudioVersion = 15.0.28010.2048
MinimumVisualStudioVersion = 10.0.40219.1
Project("{9A19103F-16F7-4668-BE54-9A1E7A4F7556}") = "AutomationController", "MorningAutomation\AutomationController.csproj", "{359678CC-0BBC-4FB4-A435-450C5AEF5810}"
EndProject
Project("{9A19103F-16F7-4668-BE54-9A1E7A4F7556}") = "Hue", "Hue\Hue.csproj", "{3A025132-963D-4C29-A895-982EC5DE276C}"
EndProject
Project("{9A19103F-16F7-4668-BE54-9A1E7A4F7556}") = "WebRequestHandler", "WebRequestHandler\WebRequestHandler.csproj", "{CFE49C24-16A3-4BE8-AE0F-84DBE7564CF2}"
EndProject
Project("{9A19103F-16F7-4668-BE54-9A1E7A4F7556}") = "AutomationCore", "AutomationCore\AutomationCore.csproj", "{CBCF1D83-B8BF-4FC1-9590-CA5A6E9CB0DB}"
EndProject
Global
	GlobalSection(SolutionConfigurationPlatforms) = preSolution
		Debug|Any CPU = Debug|Any CPU
		Release|Any CPU = Release|Any CPU
	EndGlobalSection
	GlobalSection(ProjectConfigurationPlatforms) = postSolution
		{359678CC-0BBC-4FB4-A435-450C5AEF5810}.Debug|Any CPU.ActiveCfg = Debug|Any CPU
		{359678CC-0BBC-4FB4-A435-450C5AEF5810}.Debug|Any CPU.Build.0 = Debug|Any CPU
		{359678CC-0BBC-4FB4-A435-450C5AEF5810}.Release|Any CPU.ActiveCfg = Release|Any CPU
		{359678CC-0BBC-4FB4-A435-450C5AEF5810}.Release|Any CPU.Build.0 = Release|Any CPU
		{3A025132-963D-4C29-A895-982EC5DE276C}.Debug|Any CPU.ActiveCfg = Debug|Any CPU
		{3A025132-963D-4C29-A895-982EC5DE276C}.Debug|Any CPU.Build.0 = Debug|Any CPU
		{3A025132-963D-4C29-A895-982EC5DE276C}.Release|Any CPU.ActiveCfg = Release|Any CPU
		{3A025132-963D-4C29-A895-982EC5DE276C}.Release|Any CPU.Build.0 = Release|Any CPU
		{CFE49C24-16A3-4BE8-AE0F-84DBE7564CF2}.Debug|Any CPU.ActiveCfg = Debug|Any CPU
		{CFE49C24-16A3-4BE8-AE0F-84DBE7564CF2}.Debug|Any CPU.Build.0 = Debug|Any CPU
		{CFE49C24-16A3-4BE8-AE0F-84DBE7564CF2}.Release|Any CPU.ActiveCfg = Release|Any CPU
		{CFE49C24-16A3-4BE8-AE0F-84DBE7564CF2}.Release|Any CPU.Build.0 = Release|Any CPU
		{CBCF1D83-B8BF-4FC1-9590-CA5A6E9CB0DB}.Debug|Any CPU.ActiveCfg = Debug|Any CPU
		{CBCF1D83-B8BF-4FC1-9590-CA5A6E9CB0DB}.Debug|Any CPU.Build.0 = Debug|Any CPU
		{CBCF1D83-B8BF-4FC1-9590-CA5A6E9CB0DB}.Release|Any CPU.ActiveCfg = Release|Any CPU
		{CBCF1D83-B8BF-4FC1-9590-CA5A6E9CB0DB}.Release|Any CPU.Build.0 = Release|Any CPU
	EndGlobalSection
	GlobalSection(SolutionProperties) = preSolution
		HideSolutionNode = FALSE
	EndGlobalSection
	GlobalSection(ExtensibilityGlobals) = postSolution
		SolutionGuid = {33818E47-4A49-4FD1-A002-1FAE69D3CDE7}
	EndGlobalSection
EndGlobal
