
Microsoft Visual Studio Solution File, Format Version 12.00
# Visual Studio 15
VisualStudioVersion = 15.0.28010.2048
MinimumVisualStudioVersion = 10.0.40219.1
Project("{9A19103F-16F7-4668-BE54-9A1E7A4F7556}") = "AutomationController", "MorningAutomation\AutomationController.csproj", "{359678CC-0BBC-4FB4-A435-450C5AEF5810}"
EndProject
Project("{9A19103F-16F7-4668-BE54-9A1E7A4F7556}") = "HueService", "Hue\HueService.csproj", "{3A025132-963D-4C29-A895-982EC5DE276C}"
EndProject
Project("{9A19103F-16F7-4668-BE54-9A1E7A4F7556}") = "WebRequestHandler", "WebRequestHandler\WebRequestHandler.csproj", "{CFE49C24-16A3-4BE8-AE0F-84DBE7564CF2}"
EndProject
Project("{9A19103F-16F7-4668-BE54-9A1E7A4F7556}") = "AutomationCore", "AutomationCore\AutomationCore.csproj", "{CBCF1D83-B8BF-4FC1-9590-CA5A6E9CB0DB}"
EndProject
Project("{9A19103F-16F7-4668-BE54-9A1E7A4F7556}") = "VolvoService", "VolvoService\VolvoService.csproj", "{83CDFE39-00FC-4CBD-A8FF-5A3D43FC7F45}"
EndProject
Project("{9A19103F-16F7-4668-BE54-9A1E7A4F7556}") = "GoogleService", "GoogleService\GoogleService.csproj", "{2ADD91E3-D457-402D-9A8E-EEE0F1CD7AEF}"
EndProject
Project("{9A19103F-16F7-4668-BE54-9A1E7A4F7556}") = "NotificationService", "NotificationService\NotificationService.csproj", "{A2A3253C-233D-4FF2-AC39-A525D6E7B636}"
EndProject
Project("{FAE04EC0-301F-11D3-BF4B-00C04F79EFBC}") = "HueService.Test", "HueService.Test\HueService.Test.csproj", "{9EAC4B6D-91B0-44F7-89FA-C908933D7FD0}"
EndProject
Project("{FAE04EC0-301F-11D3-BF4B-00C04F79EFBC}") = "AutomationController.Test", "AutomationController.Test\AutomationController.Test.csproj", "{15006FD4-C785-4B2C-A53A-F06773279E2E}"
EndProject
Project("{FAE04EC0-301F-11D3-BF4B-00C04F79EFBC}") = "GoogleService.Test", "GoogleService.Test\GoogleService.Test.csproj", "{062B3006-EA2B-46FA-A824-43E95CF3A521}"
EndProject
Project("{FAE04EC0-301F-11D3-BF4B-00C04F79EFBC}") = "VolvoService.Test", "VolvoService.Test\VolvoService.Test.csproj", "{7542FAA1-1A68-4891-870C-9B7EB62766EC}"
EndProject
Project("{FAE04EC0-301F-11D3-BF4B-00C04F79EFBC}") = "NotificationService.Test", "NotificationService.Test\NotificationService.Test.csproj", "{54116396-4C32-470A-ADD9-DDA7AA750351}"
EndProject
Global
	GlobalSection(SolutionConfigurationPlatforms) = preSolution
		Debug|Any CPU = Debug|Any CPU
		Release|Any CPU = Release|Any CPU
	EndGlobalSection
	GlobalSection(ProjectConfigurationPlatforms) = postSolution
		{359678CC-0BBC-4FB4-A435-450C5AEF5810}.Debug|Any CPU.ActiveCfg = Debug|Any CPU
		{359678CC-0BBC-4FB4-A435-450C5AEF5810}.Debug|Any CPU.Build.0 = Debug|Any CPU
		{359678CC-0BBC-4FB4-A435-450C5AEF5810}.Release|Any CPU.ActiveCfg = Release|Any CPU
		{359678CC-0BBC-4FB4-A435-450C5AEF5810}.Release|Any CPU.Build.0 = Release|Any CPU
		{3A025132-963D-4C29-A895-982EC5DE276C}.Debug|Any CPU.ActiveCfg = Debug|Any CPU
		{3A025132-963D-4C29-A895-982EC5DE276C}.Debug|Any CPU.Build.0 = Debug|Any CPU
		{3A025132-963D-4C29-A895-982EC5DE276C}.Release|Any CPU.ActiveCfg = Release|Any CPU
		{3A025132-963D-4C29-A895-982EC5DE276C}.Release|Any CPU.Build.0 = Release|Any CPU
		{CFE49C24-16A3-4BE8-AE0F-84DBE7564CF2}.Debug|Any CPU.ActiveCfg = Debug|Any CPU
		{CFE49C24-16A3-4BE8-AE0F-84DBE7564CF2}.Debug|Any CPU.Build.0 = Debug|Any CPU
		{CFE49C24-16A3-4BE8-AE0F-84DBE7564CF2}.Release|Any CPU.ActiveCfg = Release|Any CPU
		{CFE49C24-16A3-4BE8-AE0F-84DBE7564CF2}.Release|Any CPU.Build.0 = Release|Any CPU
		{CBCF1D83-B8BF-4FC1-9590-CA5A6E9CB0DB}.Debug|Any CPU.ActiveCfg = Debug|Any CPU
		{CBCF1D83-B8BF-4FC1-9590-CA5A6E9CB0DB}.Debug|Any CPU.Build.0 = Debug|Any CPU
		{CBCF1D83-B8BF-4FC1-9590-CA5A6E9CB0DB}.Release|Any CPU.ActiveCfg = Release|Any CPU
		{CBCF1D83-B8BF-4FC1-9590-CA5A6E9CB0DB}.Release|Any CPU.Build.0 = Release|Any CPU
		{83CDFE39-00FC-4CBD-A8FF-5A3D43FC7F45}.Debug|Any CPU.ActiveCfg = Debug|Any CPU
		{83CDFE39-00FC-4CBD-A8FF-5A3D43FC7F45}.Debug|Any CPU.Build.0 = Debug|Any CPU
		{83CDFE39-00FC-4CBD-A8FF-5A3D43FC7F45}.Release|Any CPU.ActiveCfg = Release|Any CPU
		{83CDFE39-00FC-4CBD-A8FF-5A3D43FC7F45}.Release|Any CPU.Build.0 = Release|Any CPU
		{2ADD91E3-D457-402D-9A8E-EEE0F1CD7AEF}.Debug|Any CPU.ActiveCfg = Debug|Any CPU
		{2ADD91E3-D457-402D-9A8E-EEE0F1CD7AEF}.Debug|Any CPU.Build.0 = Debug|Any CPU
		{2ADD91E3-D457-402D-9A8E-EEE0F1CD7AEF}.Release|Any CPU.ActiveCfg = Release|Any CPU
		{2ADD91E3-D457-402D-9A8E-EEE0F1CD7AEF}.Release|Any CPU.Build.0 = Release|Any CPU
		{A2A3253C-233D-4FF2-AC39-A525D6E7B636}.Debug|Any CPU.ActiveCfg = Debug|Any CPU
		{A2A3253C-233D-4FF2-AC39-A525D6E7B636}.Debug|Any CPU.Build.0 = Debug|Any CPU
		{A2A3253C-233D-4FF2-AC39-A525D6E7B636}.Release|Any CPU.ActiveCfg = Release|Any CPU
		{A2A3253C-233D-4FF2-AC39-A525D6E7B636}.Release|Any CPU.Build.0 = Release|Any CPU
		{9EAC4B6D-91B0-44F7-89FA-C908933D7FD0}.Debug|Any CPU.ActiveCfg = Debug|Any CPU
		{9EAC4B6D-91B0-44F7-89FA-C908933D7FD0}.Debug|Any CPU.Build.0 = Debug|Any CPU
		{9EAC4B6D-91B0-44F7-89FA-C908933D7FD0}.Release|Any CPU.ActiveCfg = Release|Any CPU
		{9EAC4B6D-91B0-44F7-89FA-C908933D7FD0}.Release|Any CPU.Build.0 = Release|Any CPU
		{15006FD4-C785-4B2C-A53A-F06773279E2E}.Debug|Any CPU.ActiveCfg = Debug|Any CPU
		{15006FD4-C785-4B2C-A53A-F06773279E2E}.Debug|Any CPU.Build.0 = Debug|Any CPU
		{15006FD4-C785-4B2C-A53A-F06773279E2E}.Release|Any CPU.ActiveCfg = Release|Any CPU
		{15006FD4-C785-4B2C-A53A-F06773279E2E}.Release|Any CPU.Build.0 = Release|Any CPU
		{062B3006-EA2B-46FA-A824-43E95CF3A521}.Debug|Any CPU.ActiveCfg = Debug|Any CPU
		{062B3006-EA2B-46FA-A824-43E95CF3A521}.Debug|Any CPU.Build.0 = Debug|Any CPU
		{062B3006-EA2B-46FA-A824-43E95CF3A521}.Release|Any CPU.ActiveCfg = Release|Any CPU
		{062B3006-EA2B-46FA-A824-43E95CF3A521}.Release|Any CPU.Build.0 = Release|Any CPU
		{7542FAA1-1A68-4891-870C-9B7EB62766EC}.Debug|Any CPU.ActiveCfg = Debug|Any CPU
		{7542FAA1-1A68-4891-870C-9B7EB62766EC}.Debug|Any CPU.Build.0 = Debug|Any CPU
		{7542FAA1-1A68-4891-870C-9B7EB62766EC}.Release|Any CPU.ActiveCfg = Release|Any CPU
		{7542FAA1-1A68-4891-870C-9B7EB62766EC}.Release|Any CPU.Build.0 = Release|Any CPU
		{54116396-4C32-470A-ADD9-DDA7AA750351}.Debug|Any CPU.ActiveCfg = Debug|Any CPU
		{54116396-4C32-470A-ADD9-DDA7AA750351}.Debug|Any CPU.Build.0 = Debug|Any CPU
		{54116396-4C32-470A-ADD9-DDA7AA750351}.Release|Any CPU.ActiveCfg = Release|Any CPU
		{54116396-4C32-470A-ADD9-DDA7AA750351}.Release|Any CPU.Build.0 = Release|Any CPU
	EndGlobalSection
	GlobalSection(SolutionProperties) = preSolution
		HideSolutionNode = FALSE
	EndGlobalSection
	GlobalSection(ExtensibilityGlobals) = postSolution
		SolutionGuid = {33818E47-4A49-4FD1-A002-1FAE69D3CDE7}
	EndGlobalSection
EndGlobal
